
Microsoft Visual Studio Solution File, Format Version 12.00
# Visual Studio 15
VisualStudioVersion = 15.0.26124.0
MinimumVisualStudioVersion = 15.0.26124.0
Project("{2150E333-8FDC-42A3-9474-1A3956D46DE8}") = "src", "src", "{582BB585-3CE9-4F68-898B-B541841DD736}"
EndProject
Project("{FAE04EC0-301F-11D3-BF4B-00C04F79EFBC}") = "Hafslund.Akka.Persistence.Bigtable", "src\Hafslund.Akka.Persistence.Bigtable\Hafslund.Akka.Persistence.Bigtable.csproj", "{9F88F90B-6944-412F-838E-7577B708BC0C}"
EndProject
Project("{2150E333-8FDC-42A3-9474-1A3956D46DE8}") = "test", "test", "{28CA2184-AE1C-41C6-AD6A-40363F7CC5D3}"
EndProject
Project("{FAE04EC0-301F-11D3-BF4B-00C04F79EFBC}") = "Hafslund.Akka.Persistence.Bigtable.IntegrationTests", "test\Hafslund.Akka.Persistence.Bigtable.IntegrationTests\Hafslund.Akka.Persistence.Bigtable.IntegrationTests.csproj", "{62D350F9-D63D-4B01-88FD-F8648F58A9B1}"
EndProject
Project("{FAE04EC0-301F-11D3-BF4B-00C04F79EFBC}") = "Hafslund.Akka.Persistence.Bigtable.PerformanceTests", "test\Hafslund.Akka.Persistence.Bigtable.PerformanceTests\Hafslund.Akka.Persistence.Bigtable.PerformanceTests.csproj", "{E60270DC-6E6D-4765-9378-773973AE8DEE}"
EndProject
Global
	GlobalSection(SolutionConfigurationPlatforms) = preSolution
		Debug|Any CPU = Debug|Any CPU
		Debug|x64 = Debug|x64
		Debug|x86 = Debug|x86
		Release|Any CPU = Release|Any CPU
		Release|x64 = Release|x64
		Release|x86 = Release|x86
	EndGlobalSection
	GlobalSection(ProjectConfigurationPlatforms) = postSolution
		{9F88F90B-6944-412F-838E-7577B708BC0C}.Debug|Any CPU.ActiveCfg = Debug|Any CPU
		{9F88F90B-6944-412F-838E-7577B708BC0C}.Debug|Any CPU.Build.0 = Debug|Any CPU
		{9F88F90B-6944-412F-838E-7577B708BC0C}.Debug|x64.ActiveCfg = Debug|Any CPU
		{9F88F90B-6944-412F-838E-7577B708BC0C}.Debug|x64.Build.0 = Debug|Any CPU
		{9F88F90B-6944-412F-838E-7577B708BC0C}.Debug|x86.ActiveCfg = Debug|Any CPU
		{9F88F90B-6944-412F-838E-7577B708BC0C}.Debug|x86.Build.0 = Debug|Any CPU
		{9F88F90B-6944-412F-838E-7577B708BC0C}.Release|Any CPU.ActiveCfg = Release|Any CPU
		{9F88F90B-6944-412F-838E-7577B708BC0C}.Release|Any CPU.Build.0 = Release|Any CPU
		{9F88F90B-6944-412F-838E-7577B708BC0C}.Release|x64.ActiveCfg = Release|Any CPU
		{9F88F90B-6944-412F-838E-7577B708BC0C}.Release|x64.Build.0 = Release|Any CPU
		{9F88F90B-6944-412F-838E-7577B708BC0C}.Release|x86.ActiveCfg = Release|Any CPU
		{9F88F90B-6944-412F-838E-7577B708BC0C}.Release|x86.Build.0 = Release|Any CPU
		{62D350F9-D63D-4B01-88FD-F8648F58A9B1}.Debug|Any CPU.ActiveCfg = Debug|Any CPU
		{62D350F9-D63D-4B01-88FD-F8648F58A9B1}.Debug|Any CPU.Build.0 = Debug|Any CPU
		{62D350F9-D63D-4B01-88FD-F8648F58A9B1}.Debug|x64.ActiveCfg = Debug|Any CPU
		{62D350F9-D63D-4B01-88FD-F8648F58A9B1}.Debug|x64.Build.0 = Debug|Any CPU
		{62D350F9-D63D-4B01-88FD-F8648F58A9B1}.Debug|x86.ActiveCfg = Debug|Any CPU
		{62D350F9-D63D-4B01-88FD-F8648F58A9B1}.Debug|x86.Build.0 = Debug|Any CPU
		{62D350F9-D63D-4B01-88FD-F8648F58A9B1}.Release|Any CPU.ActiveCfg = Release|Any CPU
		{62D350F9-D63D-4B01-88FD-F8648F58A9B1}.Release|Any CPU.Build.0 = Release|Any CPU
		{62D350F9-D63D-4B01-88FD-F8648F58A9B1}.Release|x64.ActiveCfg = Release|Any CPU
		{62D350F9-D63D-4B01-88FD-F8648F58A9B1}.Release|x64.Build.0 = Release|Any CPU
		{62D350F9-D63D-4B01-88FD-F8648F58A9B1}.Release|x86.ActiveCfg = Release|Any CPU
		{62D350F9-D63D-4B01-88FD-F8648F58A9B1}.Release|x86.Build.0 = Release|Any CPU
		{E60270DC-6E6D-4765-9378-773973AE8DEE}.Debug|Any CPU.ActiveCfg = Debug|Any CPU
		{E60270DC-6E6D-4765-9378-773973AE8DEE}.Debug|Any CPU.Build.0 = Debug|Any CPU
		{E60270DC-6E6D-4765-9378-773973AE8DEE}.Debug|x64.ActiveCfg = Debug|Any CPU
		{E60270DC-6E6D-4765-9378-773973AE8DEE}.Debug|x64.Build.0 = Debug|Any CPU
		{E60270DC-6E6D-4765-9378-773973AE8DEE}.Debug|x86.ActiveCfg = Debug|Any CPU
		{E60270DC-6E6D-4765-9378-773973AE8DEE}.Debug|x86.Build.0 = Debug|Any CPU
		{E60270DC-6E6D-4765-9378-773973AE8DEE}.Release|Any CPU.ActiveCfg = Release|Any CPU
		{E60270DC-6E6D-4765-9378-773973AE8DEE}.Release|Any CPU.Build.0 = Release|Any CPU
		{E60270DC-6E6D-4765-9378-773973AE8DEE}.Release|x64.ActiveCfg = Release|Any CPU
		{E60270DC-6E6D-4765-9378-773973AE8DEE}.Release|x64.Build.0 = Release|Any CPU
		{E60270DC-6E6D-4765-9378-773973AE8DEE}.Release|x86.ActiveCfg = Release|Any CPU
		{E60270DC-6E6D-4765-9378-773973AE8DEE}.Release|x86.Build.0 = Release|Any CPU
	EndGlobalSection
	GlobalSection(SolutionProperties) = preSolution
		HideSolutionNode = FALSE
	EndGlobalSection
	GlobalSection(NestedProjects) = preSolution
		{9F88F90B-6944-412F-838E-7577B708BC0C} = {582BB585-3CE9-4F68-898B-B541841DD736}
		{62D350F9-D63D-4B01-88FD-F8648F58A9B1} = {28CA2184-AE1C-41C6-AD6A-40363F7CC5D3}
		{E60270DC-6E6D-4765-9378-773973AE8DEE} = {28CA2184-AE1C-41C6-AD6A-40363F7CC5D3}
	EndGlobalSection
	GlobalSection(ExtensibilityGlobals) = postSolution
		SolutionGuid = {8A2C7D39-BB04-4AD8-849F-F0D669A21A26}
	EndGlobalSection
EndGlobal
